# @generated by Move, please check-in and do not edit manually.

[move]
version = 2
manifest_digest = "D85DE0A0DB711FD86434F4ACAA3FBC5DA8C50E9458A8EE55BAC45C7B83755B44"
deps_digest = "F8BBB0CCB2491CA29A3DF03D6F92277A4F3574266507ACD77214D37ECA3F3082"
dependencies = [
  { name = "Sui" },
]

[[move.package]]
name = "MoveStdlib"
source = { git = "https://github.com/MystenLabs/sui.git", rev = "framework/testnet", subdir = "crates/sui-framework/packages/move-stdlib" }

[[move.package]]
name = "Sui"
source = { git = "https://github.com/MystenLabs/sui.git", rev = "framework/testnet", subdir = "crates/sui-framework/packages/sui-framework" }

dependencies = [
  { name = "MoveStdlib" },
]

[move.toolchain-version]
compiler-version = "1.33.1"
edition = "2024.beta"
flavor = "sui"

[env]

[env.testnet]
chain-id = "4c78adac"
original-published-id = "0x75ff4a7c5ff1fb54e4f33dbc15c82f980c0f37b4226e88250bf4a721beed0f3d"
latest-published-id = "0x75ff4a7c5ff1fb54e4f33dbc15c82f980c0f37b4226e88250bf4a721beed0f3d"
published-version = "1"
