# @generated by Move, please check-in and do not edit manually.

[move]
version = 3
manifest_digest = "B3459868F262081DC4F1FD0F306C8D774F23D4CFE07E26078B7E9E5F11D902AD"
deps_digest = "F8BBB0CCB2491CA29A3DF03D6F92277A4F3574266507ACD77214D37ECA3F3082"
dependencies = [
  { id = "Sui", name = "Sui" },
]

[[move.package]]
id = "MoveStdlib"
source = { git = "https://github.com/MystenLabs/sui.git", rev = "framework/testnet", subdir = "crates/sui-framework/packages/move-stdlib" }

[[move.package]]
id = "Sui"
source = { git = "https://github.com/MystenLabs/sui.git", rev = "framework/testnet", subdir = "crates/sui-framework/packages/sui-framework" }

dependencies = [
  { id = "MoveStdlib", name = "MoveStdlib" },
]

[move.toolchain-version]
compiler-version = "1.35.0"
edition = "2024.beta"
flavor = "sui"

[env]

[env.testnet]
chain-id = "4c78adac"
original-published-id = "0xacf6490c6ae00877c3cdd6ac29e4f07f8a73ddddce10972b06821ba10bf97c45"
latest-published-id = "0xacf6490c6ae00877c3cdd6ac29e4f07f8a73ddddce10972b06821ba10bf97c45"
published-version = "1"
